
Microsoft Visual Studio Solution File, Format Version 12.00
# Visual Studio Version 17
VisualStudioVersion = 17.1.32210.238
MinimumVisualStudioVersion = 10.0.40219.1
Project("{2150E333-8FDC-42A3-9474-1A3956D46DE8}") = "Tests", "Tests", "{65A9F0A0-A2B9-4DA7-82B0-3074020819D8}"
EndProject
Project("{9A19103F-16F7-4668-BE54-9A1E7A4F7556}") = "Api", "BackEnd\Api\Api.csproj", "{C1FBBEA6-A759-4757-9DD8-FE692A47D3DA}"
EndProject
Project("{9A19103F-16F7-4668-BE54-9A1E7A4F7556}") = "Api.Tests", "BackEnd\Api.Tests\Api.Tests.csproj", "{9E2752A9-6B04-427D-A75B-6EEE9C9738D6}"
EndProject
Project("{9A19103F-16F7-4668-BE54-9A1E7A4F7556}") = "Integrations", "BackEnd\Integrations\Integrations.csproj", "{6C70E124-3AAE-4FDB-9E88-66C51C404508}"
EndProject
Project("{9A19103F-16F7-4668-BE54-9A1E7A4F7556}") = "Integrations.Tests", "BackEnd\Integrations.Tests\Integrations.Tests.csproj", "{356445A2-B36B-46EC-B30C-CD318B59B268}"
EndProject
Project("{9A19103F-16F7-4668-BE54-9A1E7A4F7556}") = "Functions", "BackEnd\Functions\Functions.csproj", "{B9636D52-5746-455D-BA4C-54FF08495EFA}"
EndProject
Project("{FAE04EC0-301F-11D3-BF4B-00C04F79EFBC}") = "Domain", "BackEnd\Domain\Domain.csproj", "{1B10C407-75E6-4502-A1AF-DFEF99052A75}"
EndProject
Project("{FAE04EC0-301F-11D3-BF4B-00C04F79EFBC}") = "Domain.Tests", "BackEnd\Domain.Tests\Domain.Tests.csproj", "{71672041-9C24-444C-87E6-A138A3CF7FFE}"
EndProject
Project("{FAE04EC0-301F-11D3-BF4B-00C04F79EFBC}") = "Core", "BackEnd\Core\Core.csproj", "{54B630DB-D562-42AC-9B96-55F53A0CD07D}"
EndProject
Project("{FAE04EC0-301F-11D3-BF4B-00C04F79EFBC}") = "Core.Tests", "BackEnd\Core.Tests\Core.Tests.csproj", "{B36FF508-5EED-4345-8276-46C9F2401C55}"
EndProject
Project("{FAE04EC0-301F-11D3-BF4B-00C04F79EFBC}") = "Data.Tables", "BackEnd\Data.Tables\Data.Tables.csproj", "{D698B95C-F6D5-4164-838C-B8D0F63339D0}"
EndProject
Project("{FAE04EC0-301F-11D3-BF4B-00C04F79EFBC}") = "Integrations.RapidApi", "BackEnd\Integrations.RapidApi\Integrations.RapidApi.csproj", "{E0A02D01-5229-4C0B-844B-9062D2F94FCE}"
EndProject
Project("{FAE04EC0-301F-11D3-BF4B-00C04F79EFBC}") = "Integrations.GraphApi", "BackEnd\Integrations.GraphApi\Integrations.GraphApi.csproj", "{0CDF9E26-931E-4CBC-80D6-81BE5C78F29B}"
EndProject
Project("{FAE04EC0-301F-11D3-BF4B-00C04F79EFBC}") = "Integrations.ServiceBus", "BackEnd\Integrations.ServiceBus\Integrations.ServiceBus.csproj", "{DAC07F67-C7A1-4378-9CDE-7EEAA5E629D0}"
EndProject
Global
	GlobalSection(SolutionConfigurationPlatforms) = preSolution
		Debug|Any CPU = Debug|Any CPU
		Release|Any CPU = Release|Any CPU
	EndGlobalSection
	GlobalSection(ProjectConfigurationPlatforms) = postSolution
		{C1FBBEA6-A759-4757-9DD8-FE692A47D3DA}.Debug|Any CPU.ActiveCfg = Debug|Any CPU
		{C1FBBEA6-A759-4757-9DD8-FE692A47D3DA}.Debug|Any CPU.Build.0 = Debug|Any CPU
		{C1FBBEA6-A759-4757-9DD8-FE692A47D3DA}.Release|Any CPU.ActiveCfg = Release|Any CPU
		{C1FBBEA6-A759-4757-9DD8-FE692A47D3DA}.Release|Any CPU.Build.0 = Release|Any CPU
		{6C70E124-3AAE-4FDB-9E88-66C51C404508}.Debug|Any CPU.ActiveCfg = Debug|Any CPU
		{6C70E124-3AAE-4FDB-9E88-66C51C404508}.Debug|Any CPU.Build.0 = Debug|Any CPU
		{6C70E124-3AAE-4FDB-9E88-66C51C404508}.Release|Any CPU.ActiveCfg = Release|Any CPU
		{6C70E124-3AAE-4FDB-9E88-66C51C404508}.Release|Any CPU.Build.0 = Release|Any CPU
		{9E2752A9-6B04-427D-A75B-6EEE9C9738D6}.Debug|Any CPU.ActiveCfg = Debug|Any CPU
		{9E2752A9-6B04-427D-A75B-6EEE9C9738D6}.Debug|Any CPU.Build.0 = Debug|Any CPU
		{9E2752A9-6B04-427D-A75B-6EEE9C9738D6}.Release|Any CPU.ActiveCfg = Release|Any CPU
		{9E2752A9-6B04-427D-A75B-6EEE9C9738D6}.Release|Any CPU.Build.0 = Release|Any CPU
		{356445A2-B36B-46EC-B30C-CD318B59B268}.Debug|Any CPU.ActiveCfg = Debug|Any CPU
		{356445A2-B36B-46EC-B30C-CD318B59B268}.Debug|Any CPU.Build.0 = Debug|Any CPU
		{356445A2-B36B-46EC-B30C-CD318B59B268}.Release|Any CPU.ActiveCfg = Release|Any CPU
		{356445A2-B36B-46EC-B30C-CD318B59B268}.Release|Any CPU.Build.0 = Release|Any CPU
		{B9636D52-5746-455D-BA4C-54FF08495EFA}.Debug|Any CPU.ActiveCfg = Debug|Any CPU
		{B9636D52-5746-455D-BA4C-54FF08495EFA}.Debug|Any CPU.Build.0 = Debug|Any CPU
		{B9636D52-5746-455D-BA4C-54FF08495EFA}.Release|Any CPU.ActiveCfg = Release|Any CPU
		{B9636D52-5746-455D-BA4C-54FF08495EFA}.Release|Any CPU.Build.0 = Release|Any CPU
		{1B10C407-75E6-4502-A1AF-DFEF99052A75}.Debug|Any CPU.ActiveCfg = Debug|Any CPU
		{1B10C407-75E6-4502-A1AF-DFEF99052A75}.Debug|Any CPU.Build.0 = Debug|Any CPU
		{1B10C407-75E6-4502-A1AF-DFEF99052A75}.Release|Any CPU.ActiveCfg = Release|Any CPU
		{1B10C407-75E6-4502-A1AF-DFEF99052A75}.Release|Any CPU.Build.0 = Release|Any CPU
		{71672041-9C24-444C-87E6-A138A3CF7FFE}.Debug|Any CPU.ActiveCfg = Debug|Any CPU
		{71672041-9C24-444C-87E6-A138A3CF7FFE}.Debug|Any CPU.Build.0 = Debug|Any CPU
		{71672041-9C24-444C-87E6-A138A3CF7FFE}.Release|Any CPU.ActiveCfg = Release|Any CPU
		{71672041-9C24-444C-87E6-A138A3CF7FFE}.Release|Any CPU.Build.0 = Release|Any CPU
		{54B630DB-D562-42AC-9B96-55F53A0CD07D}.Debug|Any CPU.ActiveCfg = Debug|Any CPU
		{54B630DB-D562-42AC-9B96-55F53A0CD07D}.Debug|Any CPU.Build.0 = Debug|Any CPU
		{54B630DB-D562-42AC-9B96-55F53A0CD07D}.Release|Any CPU.ActiveCfg = Release|Any CPU
		{54B630DB-D562-42AC-9B96-55F53A0CD07D}.Release|Any CPU.Build.0 = Release|Any CPU
		{B36FF508-5EED-4345-8276-46C9F2401C55}.Debug|Any CPU.ActiveCfg = Debug|Any CPU
		{B36FF508-5EED-4345-8276-46C9F2401C55}.Debug|Any CPU.Build.0 = Debug|Any CPU
		{B36FF508-5EED-4345-8276-46C9F2401C55}.Release|Any CPU.ActiveCfg = Release|Any CPU
		{B36FF508-5EED-4345-8276-46C9F2401C55}.Release|Any CPU.Build.0 = Release|Any CPU
		{D698B95C-F6D5-4164-838C-B8D0F63339D0}.Debug|Any CPU.ActiveCfg = Debug|Any CPU
		{D698B95C-F6D5-4164-838C-B8D0F63339D0}.Debug|Any CPU.Build.0 = Debug|Any CPU
		{D698B95C-F6D5-4164-838C-B8D0F63339D0}.Release|Any CPU.ActiveCfg = Release|Any CPU
		{D698B95C-F6D5-4164-838C-B8D0F63339D0}.Release|Any CPU.Build.0 = Release|Any CPU
		{E0A02D01-5229-4C0B-844B-9062D2F94FCE}.Debug|Any CPU.ActiveCfg = Debug|Any CPU
		{E0A02D01-5229-4C0B-844B-9062D2F94FCE}.Debug|Any CPU.Build.0 = Debug|Any CPU
		{E0A02D01-5229-4C0B-844B-9062D2F94FCE}.Release|Any CPU.ActiveCfg = Release|Any CPU
		{E0A02D01-5229-4C0B-844B-9062D2F94FCE}.Release|Any CPU.Build.0 = Release|Any CPU
		{0CDF9E26-931E-4CBC-80D6-81BE5C78F29B}.Debug|Any CPU.ActiveCfg = Debug|Any CPU
		{0CDF9E26-931E-4CBC-80D6-81BE5C78F29B}.Debug|Any CPU.Build.0 = Debug|Any CPU
		{0CDF9E26-931E-4CBC-80D6-81BE5C78F29B}.Release|Any CPU.ActiveCfg = Release|Any CPU
		{0CDF9E26-931E-4CBC-80D6-81BE5C78F29B}.Release|Any CPU.Build.0 = Release|Any CPU
		{DAC07F67-C7A1-4378-9CDE-7EEAA5E629D0}.Debug|Any CPU.ActiveCfg = Debug|Any CPU
		{DAC07F67-C7A1-4378-9CDE-7EEAA5E629D0}.Debug|Any CPU.Build.0 = Debug|Any CPU
		{DAC07F67-C7A1-4378-9CDE-7EEAA5E629D0}.Release|Any CPU.ActiveCfg = Release|Any CPU
		{DAC07F67-C7A1-4378-9CDE-7EEAA5E629D0}.Release|Any CPU.Build.0 = Release|Any CPU
	EndGlobalSection
	GlobalSection(SolutionProperties) = preSolution
		HideSolutionNode = FALSE
	EndGlobalSection
	GlobalSection(NestedProjects) = preSolution
		{9E2752A9-6B04-427D-A75B-6EEE9C9738D6} = {65A9F0A0-A2B9-4DA7-82B0-3074020819D8}
		{356445A2-B36B-46EC-B30C-CD318B59B268} = {65A9F0A0-A2B9-4DA7-82B0-3074020819D8}
		{71672041-9C24-444C-87E6-A138A3CF7FFE} = {65A9F0A0-A2B9-4DA7-82B0-3074020819D8}
		{B36FF508-5EED-4345-8276-46C9F2401C55} = {65A9F0A0-A2B9-4DA7-82B0-3074020819D8}
	EndGlobalSection
	GlobalSection(ExtensibilityGlobals) = postSolution
		SolutionGuid = {4C8C1AAD-B236-4384-A46C-1F76A8AB9756}
	EndGlobalSection
EndGlobal
